# Generated by pub
# See https://dart.dev/tools/pub/glossary#lockfile
packages:
  args:
    dependency: transitive
    description:
      name: args
      sha256: eef6c46b622e0494a36c5a12d10d77fb4e855501a91c1b9ef9339326e58f0596
      url: "https://pub.dev"
    source: hosted
    version: "2.4.2"
  async:
    dependency: transitive
    description:
      name: async
      sha256: "947bfcf187f74dbc5e146c9eb9c0f10c9f8b30743e341481c1e2ed3ecc18c20c"
      url: "https://pub.dev"
    source: hosted
    version: "2.11.0"
  boolean_selector:
    dependency: transitive
    description:
      name: boolean_selector
      sha256: "6cfb5af12253eaf2b368f07bacc5a80d1301a071c73360d746b7f2e32d762c66"
      url: "https://pub.dev"
    source: hosted
    version: "2.1.1"
  characters:
    dependency: transitive
    description:
      name: characters
      sha256: "04a925763edad70e8443c99234dc3328f442e811f1d8fd1a72f1c8ad0f69a605"
      url: "https://pub.dev"
    source: hosted
    version: "1.3.0"
  clock:
    dependency: transitive
    description:
      name: clock
      sha256: cb6d7f03e1de671e34607e909a7213e31d7752be4fb66a86d29fe1eb14bfb5cf
      url: "https://pub.dev"
    source: hosted
    version: "1.1.1"
  collection:
    dependency: transitive
    description:
      name: collection
      sha256: ee67cb0715911d28db6bf4af1026078bd6f0128b07a5f66fb2ed94ec6783c09a
      url: "https://pub.dev"
    source: hosted
    version: "1.18.0"
  connectivity_plus:
    dependency: "direct main"
    description:
      name: connectivity_plus
      sha256: "77e0b3766eb5d54d7f72c96ac6122f6afb6bb49015fe72f3818c3e1cd6b620cc"
      url: "https://pub.dev"
    source: hosted
    version: "1.4.0"
  connectivity_plus_linux:
    dependency: transitive
    description:
      name: connectivity_plus_linux
      sha256: "3caf859d001f10407b8e48134c761483e4495ae38094ffcca97193f6c271f5e2"
      url: "https://pub.dev"
    source: hosted
    version: "1.3.1"
  connectivity_plus_macos:
    dependency: transitive
    description:
      name: connectivity_plus_macos
      sha256: "488d2de1e47e1224ad486e501b20b088686ba1f4ee9c4420ecbc3b9824f0b920"
      url: "https://pub.dev"
    source: hosted
    version: "1.2.6"
  connectivity_plus_platform_interface:
    dependency: transitive
    description:
      name: connectivity_plus_platform_interface
      sha256: cf1d1c28f4416f8c654d7dc3cd638ec586076255d407cef3ddbdaf178272a71a
      url: "https://pub.dev"
    source: hosted
    version: "1.2.4"
  connectivity_plus_web:
    dependency: transitive
    description:
      name: connectivity_plus_web
      sha256: "81332be1b4baf8898fed17bb4fdef27abb7c6fd990bf98c54fd978478adf2f1a"
      url: "https://pub.dev"
    source: hosted
    version: "1.2.5"
  connectivity_plus_windows:
    dependency: transitive
    description:
      name: connectivity_plus_windows
      sha256: "535b0404b4d5605c4dd8453d67e5d6d2ea0dd36e3b477f50f31af51b0aeab9dd"
      url: "https://pub.dev"
    source: hosted
    version: "1.2.2"
  cross_file:
    dependency: transitive
    description:
      name: cross_file
      sha256: fedaadfa3a6996f75211d835aaeb8fede285dae94262485698afd832371b9a5e
      url: "https://pub.dev"
    source: hosted
    version: "0.3.3+8"
  crypto:
    dependency: transitive
    description:
      name: crypto
      sha256: ff625774173754681d66daaf4a448684fb04b78f902da9cb3d308c19cc5e8bab
      url: "https://pub.dev"
    source: hosted
    version: "3.0.3"
  cupertino_icons:
    dependency: "direct main"
    description:
      name: cupertino_icons
      sha256: d57953e10f9f8327ce64a508a355f0b1ec902193f66288e8cb5070e7c47eeb2d
      url: "https://pub.dev"
    source: hosted
    version: "1.0.6"
  dbus:
    dependency: transitive
    description:
      name: dbus
      sha256: "365c771ac3b0e58845f39ec6deebc76e3276aa9922b0cc60840712094d9047ac"
      url: "https://pub.dev"
    source: hosted
    version: "0.7.10"
  fake_async:
    dependency: transitive
    description:
      name: fake_async
      sha256: "511392330127add0b769b75a987850d136345d9227c6b94c96a04cf4a391bf78"
      url: "https://pub.dev"
    source: hosted
    version: "1.3.1"
  ffi:
    dependency: transitive
    description:
      name: ffi
      sha256: "7bf0adc28a23d395f19f3f1eb21dd7cfd1dd9f8e1c50051c069122e6853bc878"
      url: "https://pub.dev"
    source: hosted
    version: "2.1.0"
  file_selector_linux:
    dependency: transitive
    description:
      name: file_selector_linux
      sha256: "045d372bf19b02aeb69cacf8b4009555fb5f6f0b7ad8016e5f46dd1387ddd492"
      url: "https://pub.dev"
    source: hosted
    version: "0.9.2+1"
  file_selector_macos:
    dependency: transitive
    description:
      name: file_selector_macos
      sha256: b15c3da8bd4908b9918111fa486903f5808e388b8d1c559949f584725a6594d6
      url: "https://pub.dev"
    source: hosted
    version: "0.9.3+3"
  file_selector_platform_interface:
    dependency: transitive
    description:
      name: file_selector_platform_interface
      sha256: "0aa47a725c346825a2bd396343ce63ac00bda6eff2fbc43eabe99737dede8262"
      url: "https://pub.dev"
    source: hosted
    version: "2.6.1"
  file_selector_windows:
    dependency: transitive
    description:
      name: file_selector_windows
      sha256: d3547240c20cabf205c7c7f01a50ecdbc413755814d6677f3cb366f04abcead0
      url: "https://pub.dev"
    source: hosted
    version: "0.9.3+1"
  flutter:
    dependency: "direct main"
    description: flutter
    source: sdk
    version: "0.0.0"
  flutter_lints:
    dependency: "direct main"
    description:
      name: flutter_lints
      sha256: a25a15ebbdfc33ab1cd26c63a6ee519df92338a9c10f122adda92938253bef04
      url: "https://pub.dev"
    source: hosted
    version: "2.0.3"
  flutter_plugin_android_lifecycle:
    dependency: transitive
    description:
      name: flutter_plugin_android_lifecycle
      sha256: b068ffc46f82a55844acfa4fdbb61fad72fa2aef0905548419d97f0f95c456da
      url: "https://pub.dev"
    source: hosted
    version: "2.0.17"
  flutter_test:
    dependency: "direct dev"
    description: flutter
    source: sdk
    version: "0.0.0"
  flutter_web_plugins:
    dependency: transitive
    description: flutter
    source: sdk
    version: "0.0.0"
  http:
    dependency: "direct main"
    description:
      name: http
      sha256: "5895291c13fa8a3bd82e76d5627f69e0d85ca6a30dcac95c4ea19a5d555879c2"
      url: "https://pub.dev"
    source: hosted
    version: "0.13.6"
  http_parser:
    dependency: transitive
    description:
      name: http_parser
      sha256: "2aa08ce0341cc9b354a498388e30986515406668dbcc4f7c950c3e715496693b"
      url: "https://pub.dev"
    source: hosted
    version: "4.0.2"
  image_picker:
    dependency: "direct main"
    description:
      name: image_picker
      sha256: "340efe08645537d6b088a30620ee5752298b1630f23a829181172610b868262b"
      url: "https://pub.dev"
    source: hosted
    version: "1.0.6"
  image_picker_android:
    dependency: transitive
    description:
      name: image_picker_android
      sha256: "1a27bf4cc0330389cebe465bab08fe6dec97e44015b4899637344bb7297759ec"
      url: "https://pub.dev"
    source: hosted
    version: "0.8.9+2"
  image_picker_for_web:
    dependency: transitive
    description:
      name: image_picker_for_web
      sha256: "869fe8a64771b7afbc99fc433a5f7be2fea4d1cb3d7c11a48b6b579eb9c797f0"
      url: "https://pub.dev"
    source: hosted
    version: "2.2.0"
  image_picker_ios:
    dependency: transitive
    description:
      name: image_picker_ios
      sha256: eac0a62104fa12feed213596df0321f57ce5a572562f72a68c4ff81e9e4caacf
      url: "https://pub.dev"
    source: hosted
    version: "0.8.9"
  image_picker_linux:
    dependency: transitive
    description:
      name: image_picker_linux
      sha256: "4ed1d9bb36f7cd60aa6e6cd479779cc56a4cb4e4de8f49d487b1aaad831300fa"
      url: "https://pub.dev"
    source: hosted
    version: "0.2.1+1"
  image_picker_macos:
    dependency: transitive
    description:
      name: image_picker_macos
      sha256: "3f5ad1e8112a9a6111c46d0b57a7be2286a9a07fc6e1976fdf5be2bd31d4ff62"
      url: "https://pub.dev"
    source: hosted
    version: "0.2.1+1"
  image_picker_platform_interface:
    dependency: transitive
    description:
      name: image_picker_platform_interface
      sha256: "0e827c156e3a90edd3bbe7f6de048b39247b16e58173b08a835b7eb00aba239e"
      url: "https://pub.dev"
    source: hosted
    version: "2.9.2"
  image_picker_windows:
    dependency: transitive
    description:
      name: image_picker_windows
      sha256: "6ad07afc4eb1bc25f3a01084d28520496c4a3bb0cb13685435838167c9dcedeb"
      url: "https://pub.dev"
    source: hosted
    version: "0.2.1+1"
  js:
    dependency: transitive
    description:
      name: js
      sha256: f2c445dce49627136094980615a031419f7f3eb393237e4ecd97ac15dea343f3
      url: "https://pub.dev"
    source: hosted
    version: "0.6.7"
  lints:
    dependency: transitive
    description:
      name: lints
      sha256: "0a217c6c989d21039f1498c3ed9f3ed71b354e69873f13a8dfc3c9fe76f1b452"
      url: "https://pub.dev"
    source: hosted
    version: "2.1.1"
  logging:
    dependency: transitive
    description:
      name: logging
      sha256: "623a88c9594aa774443aa3eb2d41807a48486b5613e67599fb4c41c0ad47c340"
      url: "https://pub.dev"
    source: hosted
    version: "1.2.0"
  matcher:
    dependency: transitive
    description:
      name: matcher
      sha256: "1803e76e6653768d64ed8ff2e1e67bea3ad4b923eb5c56a295c3e634bad5960e"
      url: "https://pub.dev"
    source: hosted
    version: "0.12.16"
  material_color_utilities:
    dependency: transitive
    description:
      name: material_color_utilities
      sha256: "9528f2f296073ff54cb9fee677df673ace1218163c3bc7628093e7eed5203d41"
      url: "https://pub.dev"
    source: hosted
    version: "0.5.0"
  meta:
    dependency: transitive
    description:
      name: meta
      sha256: a6e590c838b18133bb482a2745ad77c5bb7715fb0451209e1a7567d416678b8e
      url: "https://pub.dev"
    source: hosted
    version: "1.10.0"
  mime:
    dependency: transitive
    description:
      name: mime
      sha256: e4ff8e8564c03f255408decd16e7899da1733852a9110a58fe6d1b817684a63e
      url: "https://pub.dev"
    source: hosted
    version: "1.0.4"
  nested:
    dependency: transitive
    description:
      name: nested
      sha256: "03bac4c528c64c95c722ec99280375a6f2fc708eec17c7b3f07253b626cd2a20"
      url: "https://pub.dev"
    source: hosted
    version: "1.0.0"
  nm:
    dependency: transitive
    description:
      name: nm
      sha256: "2c9aae4127bdc8993206464fcc063611e0e36e72018696cd9631023a31b24254"
      url: "https://pub.dev"
    source: hosted
    version: "0.5.0"
  path:
    dependency: "direct main"
    description:
      name: path
      sha256: "8829d8a55c13fc0e37127c29fedf290c102f4e40ae94ada574091fe0ff96c917"
      url: "https://pub.dev"
    source: hosted
    version: "1.8.3"
  petitparser:
    dependency: transitive
    description:
      name: petitparser
      sha256: c15605cd28af66339f8eb6fbe0e541bfe2d1b72d5825efc6598f3e0a31b9ad27
      url: "https://pub.dev"
    source: hosted
    version: "6.0.2"
  plugin_platform_interface:
    dependency: transitive
    description:
      name: plugin_platform_interface
      sha256: "4820fbfdb9478b1ebae27888254d445073732dae3d6ea81f0b7e06d5dedc3f02"
      url: "https://pub.dev"
    source: hosted
    version: "2.1.8"
  provider:
    dependency: "direct main"
    description:
      name: provider
      sha256: "59471e0a4595e264625d3496af567ac85bdae1148ec985aff1e0555786f53ecf"
      url: "https://pub.dev"
    source: hosted
    version: "5.0.0"
  sky_engine:
    dependency: transitive
    description: flutter
    source: sdk
    version: "0.0.99"
  socket_io_client:
    dependency: "direct main"
    description:
      name: socket_io_client
      sha256: ede469f3e4c55e8528b4e023bdedbc20832e8811ab9b61679d1ba3ed5f01f23b
      url: "https://pub.dev"
    source: hosted
    version: "2.0.3+1"
  socket_io_common:
    dependency: transitive
    description:
      name: socket_io_common
      sha256: "2ab92f8ff3ebbd4b353bf4a98bee45cc157e3255464b2f90f66e09c4472047eb"
      url: "https://pub.dev"
    source: hosted
    version: "2.0.3"
  source_span:
    dependency: transitive
    description:
      name: source_span
      sha256: "53e943d4206a5e30df338fd4c6e7a077e02254531b138a15aec3bd143c1a8b3c"
      url: "https://pub.dev"
    source: hosted
    version: "1.10.0"
  sqflite:
    dependency: "direct main"
    description:
      name: sqflite
      sha256: "591f1602816e9c31377d5f008c2d9ef7b8aca8941c3f89cc5fd9d84da0c38a9a"
      url: "https://pub.dev"
    source: hosted
    version: "2.3.0"
  sqflite_common:
    dependency: transitive
    description:
      name: sqflite_common
      sha256: bb4738f15b23352822f4c42a531677e5c6f522e079461fd240ead29d8d8a54a6
      url: "https://pub.dev"
    source: hosted
    version: "2.5.0+2"
  stack_trace:
    dependency: transitive
    description:
      name: stack_trace
      sha256: "73713990125a6d93122541237550ee3352a2d84baad52d375a4cad2eb9b7ce0b"
      url: "https://pub.dev"
    source: hosted
    version: "1.11.1"
  stream_channel:
    dependency: transitive
    description:
      name: stream_channel
      sha256: ba2aa5d8cc609d96bbb2899c28934f9e1af5cddbd60a827822ea467161eb54e7
      url: "https://pub.dev"
    source: hosted
    version: "2.1.2"
  string_scanner:
    dependency: transitive
    description:
      name: string_scanner
      sha256: "556692adab6cfa87322a115640c11f13cb77b3f076ddcc5d6ae3c20242bedcde"
      url: "https://pub.dev"
    source: hosted
    version: "1.2.0"
  synchronized:
    dependency: transitive
    description:
      name: synchronized
      sha256: "539ef412b170d65ecdafd780f924e5be3f60032a1128df156adad6c5b373d558"
      url: "https://pub.dev"
    source: hosted
    version: "3.1.0+1"
  term_glyph:
    dependency: transitive
    description:
      name: term_glyph
      sha256: a29248a84fbb7c79282b40b8c72a1209db169a2e0542bce341da992fe1bc7e84
      url: "https://pub.dev"
    source: hosted
    version: "1.2.1"
  test_api:
    dependency: transitive
    description:
      name: test_api
      sha256: "5c2f730018264d276c20e4f1503fd1308dfbbae39ec8ee63c5236311ac06954b"
      url: "https://pub.dev"
    source: hosted
    version: "0.6.1"
  typed_data:
    dependency: transitive
    description:
      name: typed_data
      sha256: facc8d6582f16042dd49f2463ff1bd6e2c9ef9f3d5da3d9b087e244a7b564b3c
      url: "https://pub.dev"
    source: hosted
    version: "1.3.2"
  vector_math:
    dependency: transitive
    description:
      name: vector_math
      sha256: "80b3257d1492ce4d091729e3a67a60407d227c27241d6927be0130c98e741803"
      url: "https://pub.dev"
    source: hosted
    version: "2.1.4"
  web:
    dependency: transitive
    description:
      name: web
      sha256: afe077240a270dcfd2aafe77602b4113645af95d0ad31128cc02bce5ac5d5152
      url: "https://pub.dev"
    source: hosted
    version: "0.3.0"
  web_socket_channel:
    dependency: "direct main"
    description:
      name: web_socket_channel
      sha256: d88238e5eac9a42bb43ca4e721edba3c08c6354d4a53063afaa568516217621b
      url: "https://pub.dev"
    source: hosted
    version: "2.4.0"
  xml:
    dependency: transitive
    description:
      name: xml
      sha256: b015a8ad1c488f66851d762d3090a21c600e479dc75e68328c52774040cf9226
      url: "https://pub.dev"
    source: hosted
    version: "6.5.0"
sdks:
  dart: ">=3.2.1 <4.0.0"
  flutter: ">=3.10.0"
