
Microsoft Visual Studio Solution File, Format Version 12.00
Project("{FAE04EC0-301F-11D3-BF4B-00C04F79EFBC}") = "pdp_lab4", "pdp_lab4\pdp_lab4.csproj", "{60D59505-FEBC-46F5-A5EB-12AC41539B9A}"
EndProject
Global
	GlobalSection(SolutionConfigurationPlatforms) = preSolution
		Debug|Any CPU = Debug|Any CPU
		Release|Any CPU = Release|Any CPU
	EndGlobalSection
	GlobalSection(ProjectConfigurationPlatforms) = postSolution
		{60D59505-FEBC-46F5-A5EB-12AC41539B9A}.Debug|Any CPU.ActiveCfg = Debug|Any CPU
		{60D59505-FEBC-46F5-A5EB-12AC41539B9A}.Debug|Any CPU.Build.0 = Debug|Any CPU
		{60D59505-FEBC-46F5-A5EB-12AC41539B9A}.Release|Any CPU.ActiveCfg = Release|Any CPU
		{60D59505-FEBC-46F5-A5EB-12AC41539B9A}.Release|Any CPU.Build.0 = Release|Any CPU
	EndGlobalSection
EndGlobal
